github.com/polisgo2020/search-senyast4745 v0.0.0-20200315221509-5d3fccc23b82 h1:3o6fvsQXjUfBQzEcq9gaMLbFv9RWOQqDJ4EUmB7EIeo=
github.com/reiver/go-porterstemmer v1.0.1 h1:WyERBkASXgoXrTwq/IQ6wyNj/YG7j/ZURvTuMCoud5w=
github.com/reiver/go-porterstemmer v1.0.1/go.mod h1:Z8uL/f/7UEwaeAJNwx1sO8kbqXiEuQieNuD735hLrSU=
